
Microsoft Visual Studio Solution File, Format Version 12.00
# Visual Studio Version 16
VisualStudioVersion = 16.0.30517.126
MinimumVisualStudioVersion = 10.0.40219.1
Project("{FAE04EC0-301F-11D3-BF4B-00C04F79EFBC}") = "Parking.Core", "Parking.Core\Parking.Core.csproj", "{72300B80-A164-41D9-A52E-E9141A6870B1}"
EndProject
Project("{FAE04EC0-301F-11D3-BF4B-00C04F79EFBC}") = "Parking.Web", "Parking.Web\Parking.Web.csproj", "{3C81C462-8328-4D8C-A9B9-395D6799631A}"
EndProject
Global
	GlobalSection(SolutionConfigurationPlatforms) = preSolution
		Debug|Any CPU = Debug|Any CPU
		Release|Any CPU = Release|Any CPU
	EndGlobalSection
	GlobalSection(ProjectConfigurationPlatforms) = postSolution
		{72300B80-A164-41D9-A52E-E9141A6870B1}.Debug|Any CPU.ActiveCfg = Debug|Any CPU
		{72300B80-A164-41D9-A52E-E9141A6870B1}.Debug|Any CPU.Build.0 = Debug|Any CPU
		{72300B80-A164-41D9-A52E-E9141A6870B1}.Release|Any CPU.ActiveCfg = Release|Any CPU
		{72300B80-A164-41D9-A52E-E9141A6870B1}.Release|Any CPU.Build.0 = Release|Any CPU
		{3C81C462-8328-4D8C-A9B9-395D6799631A}.Debug|Any CPU.ActiveCfg = Debug|Any CPU
		{3C81C462-8328-4D8C-A9B9-395D6799631A}.Debug|Any CPU.Build.0 = Debug|Any CPU
		{3C81C462-8328-4D8C-A9B9-395D6799631A}.Release|Any CPU.ActiveCfg = Release|Any CPU
		{3C81C462-8328-4D8C-A9B9-395D6799631A}.Release|Any CPU.Build.0 = Release|Any CPU
	EndGlobalSection
	GlobalSection(SolutionProperties) = preSolution
		HideSolutionNode = FALSE
	EndGlobalSection
	GlobalSection(ExtensibilityGlobals) = postSolution
		SolutionGuid = {EF664D1D-E8C5-4576-BE3D-AA225C0A3497}
	EndGlobalSection
EndGlobal
